// !$*UTF8*$!
{
	archiveVersion = 1;
	classes = {
	};
	objectVersion = 50;
	objects = {

/* Begin PBXBuildFile section */
		7CAF4F64242A612D00951761 /* AppDelegate.swift in Sources */ = {isa = PBXBuildFile; fileRef = 7CAF4F63242A612D00951761 /* AppDelegate.swift */; };
		7CAF4F66242A612D00951761 /* SceneDelegate.swift in Sources */ = {isa = PBXBuildFile; fileRef = 7CAF4F65242A612D00951761 /* SceneDelegate.swift */; };
		7CAF4F68242A612D00951761 /* ContentView.swift in Sources */ = {isa = PBXBuildFile; fileRef = 7CAF4F67242A612D00951761 /* ContentView.swift */; };
		7CAF4F6A242A612E00951761 /* Assets.xcassets in Resources */ = {isa = PBXBuildFile; fileRef = 7CAF4F69242A612E00951761 /* Assets.xcassets */; };
		7CAF4F6D242A612E00951761 /* Preview Assets.xcassets in Resources */ = {isa = PBXBuildFile; fileRef = 7CAF4F6C242A612E00951761 /* Preview Assets.xcassets */; };
		7CAF4F70242A612E00951761 /* LaunchScreen.storyboard in Resources */ = {isa = PBXBuildFile; fileRef = 7CAF4F6E242A612E00951761 /* LaunchScreen.storyboard */; };
		7CAF4F7B242A612E00951761 /* GestureDemoTests.swift in Sources */ = {isa = PBXBuildFile; fileRef = 7CAF4F7A242A612E00951761 /* GestureDemoTests.swift */; };
		7CAF4F86242A612E00951761 /* GestureDemoUITests.swift in Sources */ = {isa = PBXBuildFile; fileRef = 7CAF4F85242A612E00951761 /* GestureDemoUITests.swift */; };
		7CAF4F96242A6ABD00951761 /* SecondView.swift in Sources */ = {isa = PBXBuildFile; fileRef = 7CAF4F95242A6ABD00951761 /* SecondView.swift */; };
		7CAF4F98242A6DA100951761 /* GestureConstructionView.swift in Sources */ = {isa = PBXBuildFile; fileRef = 7CAF4F97242A6DA100951761 /* GestureConstructionView.swift */; };
		7CAF4F9A242A6FA000951761 /* GestureConstructionView2.swift in Sources */ = {isa = PBXBuildFile; fileRef = 7CAF4F99242A6FA000951761 /* GestureConstructionView2.swift */; };
/* End PBXBuildFile section */

/* Begin PBXContainerItemProxy section */
		7CAF4F77242A612E00951761 /* PBXContainerItemProxy */ = {
			isa = PBXContainerItemProxy;
			containerPortal = 7CAF4F58242A612C00951761 /* Project object */;
			proxyType = 1;
			remoteGlobalIDString = 7CAF4F5F242A612C00951761;
			remoteInfo = GestureDemo;
		};
		7CAF4F82242A612E00951761 /* PBXContainerItemProxy */ = {
			isa = PBXContainerItemProxy;
			containerPortal = 7CAF4F58242A612C00951761 /* Project object */;
			proxyType = 1;
			remoteGlobalIDString = 7CAF4F5F242A612C00951761;
			remoteInfo = GestureDemo;
		};
/* End PBXContainerItemProxy section */

/* Begin PBXFileReference section */
		7CAF4F60242A612D00951761 /* GestureDemo.app */ = {isa = PBXFileReference; explicitFileType = wrapper.application; includeInIndex = 0; path = GestureDemo.app; sourceTree = BUILT_PRODUCTS_DIR; };
		7CAF4F63242A612D00951761 /* AppDelegate.swift */ = {isa = PBXFileReference; lastKnownFileType = sourcecode.swift; path = AppDelegate.swift; sourceTree = "<group>"; };
		7CAF4F65242A612D00951761 /* SceneDelegate.swift */ = {isa = PBXFileReference; lastKnownFileType = sourcecode.swift; path = SceneDelegate.swift; sourceTree = "<group>"; };
		7CAF4F67242A612D00951761 /* ContentView.swift */ = {isa = PBXFileReference; lastKnownFileType = sourcecode.swift; path = ContentView.swift; sourceTree = "<group>"; };
		7CAF4F69242A612E00951761 /* Assets.xcassets */ = {isa = PBXFileReference; lastKnownFileType = folder.assetcatalog; path = Assets.xcassets; sourceTree = "<group>"; };
		7CAF4F6C242A612E00951761 /* Preview Assets.xcassets */ = {isa = PBXFileReference; lastKnownFileType = folder.assetcatalog; path = "Preview Assets.xcassets"; sourceTree = "<group>"; };
		7CAF4F6F242A612E00951761 /* Base */ = {isa = PBXFileReference; lastKnownFileType = file.storyboard; name = Base; path = Base.lproj/LaunchScreen.storyboard; sourceTree = "<group>"; };
		7CAF4F71242A612E00951761 /* Info.plist */ = {isa = PBXFileReference; lastKnownFileType = text.plist.xml; path = Info.plist; sourceTree = "<group>"; };
		7CAF4F76242A612E00951761 /* GestureDemoTests.xctest */ = {isa = PBXFileReference; explicitFileType = wrapper.cfbundle; includeInIndex = 0; path = GestureDemoTests.xctest; sourceTree = BUILT_PRODUCTS_DIR; };
		7CAF4F7A242A612E00951761 /* GestureDemoTests.swift */ = {isa = PBXFileReference; lastKnownFileType = sourcecode.swift; path = GestureDemoTests.swift; sourceTree = "<group>"; };
		7CAF4F7C242A612E00951761 /* Info.plist */ = {isa = PBXFileReference; lastKnownFileType = text.plist.xml; path = Info.plist; sourceTree = "<group>"; };
		7CAF4F81242A612E00951761 /* GestureDemoUITests.xctest */ = {isa = PBXFileReference; explicitFileType = wrapper.cfbundle; includeInIndex = 0; path = GestureDemoUITests.xctest; sourceTree = BUILT_PRODUCTS_DIR; };
		7CAF4F85242A612E00951761 /* GestureDemoUITests.swift */ = {isa = PBXFileReference; lastKnownFileType = sourcecode.swift; path = GestureDemoUITests.swift; sourceTree = "<group>"; };
		7CAF4F87242A612E00951761 /* Info.plist */ = {isa = PBXFileReference; lastKnownFileType = text.plist.xml; path = Info.plist; sourceTree = "<group>"; };
		7CAF4F95242A6ABD00951761 /* SecondView.swift */ = {isa = PBXFileReference; lastKnownFileType = sourcecode.swift; path = SecondView.swift; sourceTree = "<group>"; };
		7CAF4F97242A6DA100951761 /* GestureConstructionView.swift */ = {isa = PBXFileReference; lastKnownFileType = sourcecode.swift; path = GestureConstructionView.swift; sourceTree = "<group>"; };
		7CAF4F99242A6FA000951761 /* GestureConstructionView2.swift */ = {isa = PBXFileReference; lastKnownFileType = sourcecode.swift; path = GestureConstructionView2.swift; sourceTree = "<group>"; };
/* End PBXFileReference section */

/* Begin PBXFrameworksBuildPhase section */
		7CAF4F5D242A612C00951761 /* Frameworks */ = {
			isa = PBXFrameworksBuildPhase;
			buildActionMask = 2147483647;
			files = (
			);
			runOnlyForDeploymentPostprocessing = 0;
		};
		7CAF4F73242A612E00951761 /* Frameworks */ = {
			isa = PBXFrameworksBuildPhase;
			buildActionMask = 2147483647;
			files = (
			);
			runOnlyForDeploymentPostprocessing = 0;
		};
		7CAF4F7E242A612E00951761 /* Frameworks */ = {
			isa = PBXFrameworksBuildPhase;
			buildActionMask = 2147483647;
			files = (
			);
			runOnlyForDeploymentPostprocessing = 0;
		};
/* End PBXFrameworksBuildPhase section */

/* Begin PBXGroup section */
		7CAF4F57242A612C00951761 = {
			isa = PBXGroup;
			children = (
				7CAF4F62242A612D00951761 /* GestureDemo */,
				7CAF4F79242A612E00951761 /* GestureDemoTests */,
				7CAF4F84242A612E00951761 /* GestureDemoUITests */,
				7CAF4F61242A612D00951761 /* Products */,
			);
			sourceTree = "<group>";
		};
		7CAF4F61242A612D00951761 /* Products */ = {
			isa = PBXGroup;
			children = (
				7CAF4F60242A612D00951761 /* GestureDemo.app */,
				7CAF4F76242A612E00951761 /* GestureDemoTests.xctest */,
				7CAF4F81242A612E00951761 /* GestureDemoUITests.xctest */,
			);
			name = Products;
			sourceTree = "<group>";
		};
		7CAF4F62242A612D00951761 /* GestureDemo */ = {
			isa = PBXGroup;
			children = (
				7CAF4F63242A612D00951761 /* AppDelegate.swift */,
				7CAF4F65242A612D00951761 /* SceneDelegate.swift */,
				7CAF4F67242A612D00951761 /* ContentView.swift */,
				7CAF4F95242A6ABD00951761 /* SecondView.swift */,
				7CAF4F69242A612E00951761 /* Assets.xcassets */,
				7CAF4F6E242A612E00951761 /* LaunchScreen.storyboard */,
				7CAF4F71242A612E00951761 /* Info.plist */,
				7CAF4F6B242A612E00951761 /* Preview Content */,
				7CAF4F97242A6DA100951761 /* GestureConstructionView.swift */,
				7CAF4F99242A6FA000951761 /* GestureConstructionView2.swift */,
			);
			path = GestureDemo;
			sourceTree = "<group>";
		};
		7CAF4F6B242A612E00951761 /* Preview Content */ = {
			isa = PBXGroup;
			children = (
				7CAF4F6C242A612E00951761 /* Preview Assets.xcassets */,
			);
			path = "Preview Content";
			sourceTree = "<group>";
		};
		7CAF4F79242A612E00951761 /* GestureDemoTests */ = {
			isa = PBXGroup;
			children = (
				7CAF4F7A242A612E00951761 /* GestureDemoTests.swift */,
				7CAF4F7C242A612E00951761 /* Info.plist */,
			);
			path = GestureDemoTests;
			sourceTree = "<group>";
		};
		7CAF4F84242A612E00951761 /* GestureDemoUITests */ = {
			isa = PBXGroup;
			children = (
				7CAF4F85242A612E00951761 /* GestureDemoUITests.swift */,
				7CAF4F87242A612E00951761 /* Info.plist */,
			);
			path = GestureDemoUITests;
			sourceTree = "<group>";
		};
/* End PBXGroup section */

/* Begin PBXNativeTarget section */
		7CAF4F5F242A612C00951761 /* GestureDemo */ = {
			isa = PBXNativeTarget;
			buildConfigurationList = 7CAF4F8A242A612E00951761 /* Build configuration list for PBXNativeTarget "GestureDemo" */;
			buildPhases = (
				7CAF4F5C242A612C00951761 /* Sources */,
				7CAF4F5D242A612C00951761 /* Frameworks */,
				7CAF4F5E242A612C00951761 /* Resources */,
			);
			buildRules = (
			);
			dependencies = (
			);
			name = GestureDemo;
			productName = GestureDemo;
			productReference = 7CAF4F60242A612D00951761 /* GestureDemo.app */;
			productType = "com.apple.product-type.application";
		};
		7CAF4F75242A612E00951761 /* GestureDemoTests */ = {
			isa = PBXNativeTarget;
			buildConfigurationList = 7CAF4F8D242A612E00951761 /* Build configuration list for PBXNativeTarget "GestureDemoTests" */;
			buildPhases = (
				7CAF4F72242A612E00951761 /* Sources */,
				7CAF4F73242A612E00951761 /* Frameworks */,
				7CAF4F74242A612E00951761 /* Resources */,
			);
			buildRules = (
			);
			dependencies = (
				7CAF4F78242A612E00951761 /* PBXTargetDependency */,
			);
			name = GestureDemoTests;
			productName = GestureDemoTests;
			productReference = 7CAF4F76242A612E00951761 /* GestureDemoTests.xctest */;
			productType = "com.apple.product-type.bundle.unit-test";
		};
		7CAF4F80242A612E00951761 /* GestureDemoUITests */ = {
			isa = PBXNativeTarget;
			buildConfigurationList = 7CAF4F90242A612E00951761 /* Build configuration list for PBXNativeTarget "GestureDemoUITests" */;
			buildPhases = (
				7CAF4F7D242A612E00951761 /* Sources */,
				7CAF4F7E242A612E00951761 /* Frameworks */,
				7CAF4F7F242A612E00951761 /* Resources */,
			);
			buildRules = (
			);
			dependencies = (
				7CAF4F83242A612E00951761 /* PBXTargetDependency */,
			);
			name = GestureDemoUITests;
			productName = GestureDemoUITests;
			productReference = 7CAF4F81242A612E00951761 /* GestureDemoUITests.xctest */;
			productType = "com.apple.product-type.bundle.ui-testing";
		};
/* End PBXNativeTarget section */

/* Begin PBXProject section */
		7CAF4F58242A612C00951761 /* Project object */ = {
			isa = PBXProject;
			attributes = {
				LastSwiftUpdateCheck = 1130;
				LastUpgradeCheck = 1130;
				ORGANIZATIONNAME = "HyunWook Hong";
				TargetAttributes = {
					7CAF4F5F242A612C00951761 = {
						CreatedOnToolsVersion = 11.3.1;
					};
					7CAF4F75242A612E00951761 = {
						CreatedOnToolsVersion = 11.3.1;
						TestTargetID = 7CAF4F5F242A612C00951761;
					};
					7CAF4F80242A612E00951761 = {
						CreatedOnToolsVersion = 11.3.1;
						TestTargetID = 7CAF4F5F242A612C00951761;
					};
				};
			};
			buildConfigurationList = 7CAF4F5B242A612C00951761 /* Build configuration list for PBXProject "GestureDemo" */;
			compatibilityVersion = "Xcode 9.3";
			developmentRegion = en;
			hasScannedForEncodings = 0;
			knownRegions = (
				en,
				Base,
			);
			mainGroup = 7CAF4F57242A612C00951761;
			productRefGroup = 7CAF4F61242A612D00951761 /* Products */;
			projectDirPath = "";
			projectRoot = "";
			targets = (
				7CAF4F5F242A612C00951761 /* GestureDemo */,
				7CAF4F75242A612E00951761 /* GestureDemoTests */,
				7CAF4F80242A612E00951761 /* GestureDemoUITests */,
			);
		};
/* End PBXProject section */

/* Begin PBXResourcesBuildPhase section */
		7CAF4F5E242A612C00951761 /* Resources */ = {
			isa = PBXResourcesBuildPhase;
			buildActionMask = 2147483647;
			files = (
				7CAF4F70242A612E00951761 /* LaunchScreen.storyboard in Resources */,
				7CAF4F6D242A612E00951761 /* Preview Assets.xcassets in Resources */,
				7CAF4F6A242A612E00951761 /* Assets.xcassets in Resources */,
			);
			runOnlyForDeploymentPostprocessing = 0;
		};
		7CAF4F74242A612E00951761 /* Resources */ = {
			isa = PBXResourcesBuildPhase;
			buildActionMask = 2147483647;
			files = (
			);
			runOnlyForDeploymentPostprocessing = 0;
		};
		7CAF4F7F242A612E00951761 /* Resources */ = {
			isa = PBXResourcesBuildPhase;
			buildActionMask = 2147483647;
			files = (
			);
			runOnlyForDeploymentPostprocessing = 0;
		};
/* End PBXResourcesBuildPhase section */

/* Begin PBXSourcesBuildPhase section */
		7CAF4F5C242A612C00951761 /* Sources */ = {
			isa = PBXSourcesBuildPhase;
			buildActionMask = 2147483647;
			files = (
				7CAF4F64242A612D00951761 /* AppDelegate.swift in Sources */,
				7CAF4F98242A6DA100951761 /* GestureConstructionView.swift in Sources */,
				7CAF4F66242A612D00951761 /* SceneDelegate.swift in Sources */,
				7CAF4F96242A6ABD00951761 /* SecondView.swift in Sources */,
				7CAF4F9A242A6FA000951761 /* GestureConstructionView2.swift in Sources */,
				7CAF4F68242A612D00951761 /* ContentView.swift in Sources */,
			);
			runOnlyForDeploymentPostprocessing = 0;
		};
		7CAF4F72242A612E00951761 /* Sources */ = {
			isa = PBXSourcesBuildPhase;
			buildActionMask = 2147483647;
			files = (
				7CAF4F7B242A612E00951761 /* GestureDemoTests.swift in Sources */,
			);
			runOnlyForDeploymentPostprocessing = 0;
		};
		7CAF4F7D242A612E00951761 /* Sources */ = {
			isa = PBXSourcesBuildPhase;
			buildActionMask = 2147483647;
			files = (
				7CAF4F86242A612E00951761 /* GestureDemoUITests.swift in Sources */,
			);
			runOnlyForDeploymentPostprocessing = 0;
		};
/* End PBXSourcesBuildPhase section */

/* Begin PBXTargetDependency section */
		7CAF4F78242A612E00951761 /* PBXTargetDependency */ = {
			isa = PBXTargetDependency;
			target = 7CAF4F5F242A612C00951761 /* GestureDemo */;
			targetProxy = 7CAF4F77242A612E00951761 /* PBXContainerItemProxy */;
		};
		7CAF4F83242A612E00951761 /* PBXTargetDependency */ = {
			isa = PBXTargetDependency;
			target = 7CAF4F5F242A612C00951761 /* GestureDemo */;
			targetProxy = 7CAF4F82242A612E00951761 /* PBXContainerItemProxy */;
		};
/* End PBXTargetDependency section */

/* Begin PBXVariantGroup section */
		7CAF4F6E242A612E00951761 /* LaunchScreen.storyboard */ = {
			isa = PBXVariantGroup;
			children = (
				7CAF4F6F242A612E00951761 /* Base */,
			);
			name = LaunchScreen.storyboard;
			sourceTree = "<group>";
		};
/* End PBXVariantGroup section */

/* Begin XCBuildConfiguration section */
		7CAF4F88242A612E00951761 /* Debug */ = {
			isa = XCBuildConfiguration;
			buildSettings = {
				ALWAYS_SEARCH_USER_PATHS = NO;
				CLANG_ANALYZER_NONNULL = YES;
				CLANG_ANALYZER_NUMBER_OBJECT_CONVERSION = YES_AGGRESSIVE;
				CLANG_CXX_LANGUAGE_STANDARD = "gnu++14";
				CLANG_CXX_LIBRARY = "libc++";
				CLANG_ENABLE_MODULES = YES;
				CLANG_ENABLE_OBJC_ARC = YES;
				CLANG_ENABLE_OBJC_WEAK = YES;
				CLANG_WARN_BLOCK_CAPTURE_AUTORELEASING = YES;
				CLANG_WARN_BOOL_CONVERSION = YES;
				CLANG_WARN_COMMA = YES;
				CLANG_WARN_CONSTANT_CONVERSION = YES;
				CLANG_WARN_DEPRECATED_OBJC_IMPLEMENTATIONS = YES;
				CLANG_WARN_DIRECT_OBJC_ISA_USAGE = YES_ERROR;
				CLANG_WARN_DOCUMENTATION_COMMENTS = YES;
				CLANG_WARN_EMPTY_BODY = YES;
				CLANG_WARN_ENUM_CONVERSION = YES;
				CLANG_WARN_INFINITE_RECURSION = YES;
				CLANG_WARN_INT_CONVERSION = YES;
				CLANG_WARN_NON_LITERAL_NULL_CONVERSION = YES;
				CLANG_WARN_OBJC_IMPLICIT_RETAIN_SELF = YES;
				CLANG_WARN_OBJC_LITERAL_CONVERSION = YES;
				CLANG_WARN_OBJC_ROOT_CLASS = YES_ERROR;
				CLANG_WARN_RANGE_LOOP_ANALYSIS = YES;
				CLANG_WARN_STRICT_PROTOTYPES = YES;
				CLANG_WARN_SUSPICIOUS_MOVE = YES;
				CLANG_WARN_UNGUARDED_AVAILABILITY = YES_AGGRESSIVE;
				CLANG_WARN_UNREACHABLE_CODE = YES;
				CLANG_WARN__DUPLICATE_METHOD_MATCH = YES;
				COPY_PHASE_STRIP = NO;
				DEBUG_INFORMATION_FORMAT = dwarf;
				ENABLE_STRICT_OBJC_MSGSEND = YES;
				ENABLE_TESTABILITY = YES;
				GCC_C_LANGUAGE_STANDARD = gnu11;
				GCC_DYNAMIC_NO_PIC = NO;
				GCC_NO_COMMON_BLOCKS = YES;
				GCC_OPTIMIZATION_LEVEL = 0;
				GCC_PREPROCESSOR_DEFINITIONS = (
					"DEBUG=1",
					"$(inherited)",
				);
				GCC_WARN_64_TO_32_BIT_CONVERSION = YES;
				GCC_WARN_ABOUT_RETURN_TYPE = YES_ERROR;
				GCC_WARN_UNDECLARED_SELECTOR = YES;
				GCC_WARN_UNINITIALIZED_AUTOS = YES_AGGRESSIVE;
				GCC_WARN_UNUSED_FUNCTION = YES;
				GCC_WARN_UNUSED_VARIABLE = YES;
				IPHONEOS_DEPLOYMENT_TARGET = 13.2;
				MTL_ENABLE_DEBUG_INFO = INCLUDE_SOURCE;
				MTL_FAST_MATH = YES;
				ONLY_ACTIVE_ARCH = YES;
				SDKROOT = iphoneos;
				SWIFT_ACTIVE_COMPILATION_CONDITIONS = DEBUG;
				SWIFT_OPTIMIZATION_LEVEL = "-Onone";
			};
			name = Debug;
		};
		7CAF4F89242A612E00951761 /* Release */ = {
			isa = XCBuildConfiguration;
			buildSettings = {
				ALWAYS_SEARCH_USER_PATHS = NO;
				CLANG_ANALYZER_NONNULL = YES;
				CLANG_ANALYZER_NUMBER_OBJECT_CONVERSION = YES_AGGRESSIVE;
				CLANG_CXX_LANGUAGE_STANDARD = "gnu++14";
				CLANG_CXX_LIBRARY = "libc++";
				CLANG_ENABLE_MODULES = YES;
				CLANG_ENABLE_OBJC_ARC = YES;
				CLANG_ENABLE_OBJC_WEAK = YES;
				CLANG_WARN_BLOCK_CAPTURE_AUTORELEASING = YES;
				CLANG_WARN_BOOL_CONVERSION = YES;
				CLANG_WARN_COMMA = YES;
				CLANG_WARN_CONSTANT_CONVERSION = YES;
				CLANG_WARN_DEPRECATED_OBJC_IMPLEMENTATIONS = YES;
				CLANG_WARN_DIRECT_OBJC_ISA_USAGE = YES_ERROR;
				CLANG_WARN_DOCUMENTATION_COMMENTS = YES;
				CLANG_WARN_EMPTY_BODY = YES;
				CLANG_WARN_ENUM_CONVERSION = YES;
				CLANG_WARN_INFINITE_RECURSION = YES;
				CLANG_WARN_INT_CONVERSION = YES;
				CLANG_WARN_NON_LITERAL_NULL_CONVERSION = YES;
				CLANG_WARN_OBJC_IMPLICIT_RETAIN_SELF = YES;
				CLANG_WARN_OBJC_LITERAL_CONVERSION = YES;
				CLANG_WARN_OBJC_ROOT_CLASS = YES_ERROR;
				CLANG_WARN_RANGE_LOOP_ANALYSIS = YES;
				CLANG_WARN_STRICT_PROTOTYPES = YES;
				CLANG_WARN_SUSPICIOUS_MOVE = YES;
				CLANG_WARN_UNGUARDED_AVAILABILITY = YES_AGGRESSIVE;
				CLANG_WARN_UNREACHABLE_CODE = YES;
				CLANG_WARN__DUPLICATE_METHOD_MATCH = YES;
				COPY_PHASE_STRIP = NO;
				DEBUG_INFORMATION_FORMAT = "dwarf-with-dsym";
				ENABLE_NS_ASSERTIONS = NO;
				ENABLE_STRICT_OBJC_MSGSEND = YES;
				GCC_C_LANGUAGE_STANDARD = gnu11;
				GCC_NO_COMMON_BLOCKS = YES;
				GCC_WARN_64_TO_32_BIT_CONVERSION = YES;
				GCC_WARN_ABOUT_RETURN_TYPE = YES_ERROR;
				GCC_WARN_UNDECLARED_SELECTOR = YES;
				GCC_WARN_UNINITIALIZED_AUTOS = YES_AGGRESSIVE;
				GCC_WARN_UNUSED_FUNCTION = YES;
				GCC_WARN_UNUSED_VARIABLE = YES;
				IPHONEOS_DEPLOYMENT_TARGET = 13.2;
				MTL_ENABLE_DEBUG_INFO = NO;
				MTL_FAST_MATH = YES;
				SDKROOT = iphoneos;
				SWIFT_COMPILATION_MODE = wholemodule;
				SWIFT_OPTIMIZATION_LEVEL = "-O";
				VALIDATE_PRODUCT = YES;
			};
			name = Release;
		};
		7CAF4F8B242A612E00951761 /* Debug */ = {
			isa = XCBuildConfiguration;
			buildSettings = {
				ASSETCATALOG_COMPILER_APPICON_NAME = AppIcon;
				CODE_SIGN_STYLE = Automatic;
				DEVELOPMENT_ASSET_PATHS = "\"GestureDemo/Preview Content\"";
				DEVELOPMENT_TEAM = 4Q5BXDMRML;
				ENABLE_PREVIEWS = YES;
				INFOPLIST_FILE = GestureDemo/Info.plist;
				LD_RUNPATH_SEARCH_PATHS = (
					"$(inherited)",
					"@executable_path/Frameworks",
				);
				PRODUCT_BUNDLE_IDENTIFIER = hong.hyunwook.GestureDemo;
				PRODUCT_NAME = "$(TARGET_NAME)";
				SWIFT_VERSION = 5.0;
				TARGETED_DEVICE_FAMILY = "1,2";
			};
			name = Debug;
		};
		7CAF4F8C242A612E00951761 /* Release */ = {
			isa = XCBuildConfiguration;
			buildSettings = {
				ASSETCATALOG_COMPILER_APPICON_NAME = AppIcon;
				CODE_SIGN_STYLE = Automatic;
				DEVELOPMENT_ASSET_PATHS = "\"GestureDemo/Preview Content\"";
				DEVELOPMENT_TEAM = 4Q5BXDMRML;
				ENABLE_PREVIEWS = YES;
				INFOPLIST_FILE = GestureDemo/Info.plist;
				LD_RUNPATH_SEARCH_PATHS = (
					"$(inherited)",
					"@executable_path/Frameworks",
				);
				PRODUCT_BUNDLE_IDENTIFIER = hong.hyunwook.GestureDemo;
				PRODUCT_NAME = "$(TARGET_NAME)";
				SWIFT_VERSION = 5.0;
				TARGETED_DEVICE_FAMILY = "1,2";
			};
			name = Release;
		};
		7CAF4F8E242A612E00951761 /* Debug */ = {
			isa = XCBuildConfiguration;
			buildSettings = {
				ALWAYS_EMBED_SWIFT_STANDARD_LIBRARIES = YES;
				BUNDLE_LOADER = "$(TEST_HOST)";
				CODE_SIGN_STYLE = Automatic;
				DEVELOPMENT_TEAM = 4Q5BXDMRML;
				INFOPLIST_FILE = GestureDemoTests/Info.plist;
				IPHONEOS_DEPLOYMENT_TARGET = 13.2;
				LD_RUNPATH_SEARCH_PATHS = (
					"$(inherited)",
					"@executable_path/Frameworks",
					"@loader_path/Frameworks",
				);
				PRODUCT_BUNDLE_IDENTIFIER = hong.hyunwook.GestureDemoTests;
				PRODUCT_NAME = "$(TARGET_NAME)";
				SWIFT_VERSION = 5.0;
				TARGETED_DEVICE_FAMILY = "1,2";
				TEST_HOST = "$(BUILT_PRODUCTS_DIR)/GestureDemo.app/GestureDemo";
			};
			name = Debug;
		};
		7CAF4F8F242A612E00951761 /* Release */ = {
			isa = XCBuildConfiguration;
			buildSettings = {
				ALWAYS_EMBED_SWIFT_STANDARD_LIBRARIES = YES;
				BUNDLE_LOADER = "$(TEST_HOST)";
				CODE_SIGN_STYLE = Automatic;
				DEVELOPMENT_TEAM = 4Q5BXDMRML;
				INFOPLIST_FILE = GestureDemoTests/Info.plist;
				IPHONEOS_DEPLOYMENT_TARGET = 13.2;
				LD_RUNPATH_SEARCH_PATHS = (
					"$(inherited)",
					"@executable_path/Frameworks",
					"@loader_path/Frameworks",
				);
				PRODUCT_BUNDLE_IDENTIFIER = hong.hyunwook.GestureDemoTests;
				PRODUCT_NAME = "$(TARGET_NAME)";
				SWIFT_VERSION = 5.0;
				TARGETED_DEVICE_FAMILY = "1,2";
				TEST_HOST = "$(BUILT_PRODUCTS_DIR)/GestureDemo.app/GestureDemo";
			};
			name = Release;
		};
		7CAF4F91242A612E00951761 /* Debug */ = {
			isa = XCBuildConfiguration;
			buildSettings = {
				ALWAYS_EMBED_SWIFT_STANDARD_LIBRARIES = YES;
				CODE_SIGN_STYLE = Automatic;
				DEVELOPMENT_TEAM = 4Q5BXDMRML;
				INFOPLIST_FILE = GestureDemoUITests/Info.plist;
				LD_RUNPATH_SEARCH_PATHS = (
					"$(inherited)",
					"@executable_path/Frameworks",
					"@loader_path/Frameworks",
				);
				PRODUCT_BUNDLE_IDENTIFIER = hong.hyunwook.GestureDemoUITests;
				PRODUCT_NAME = "$(TARGET_NAME)";
				SWIFT_VERSION = 5.0;
				TARGETED_DEVICE_FAMILY = "1,2";
				TEST_TARGET_NAME = GestureDemo;
			};
			name = Debug;
		};
		7CAF4F92242A612E00951761 /* Release */ = {
			isa = XCBuildConfiguration;
			buildSettings = {
				ALWAYS_EMBED_SWIFT_STANDARD_LIBRARIES = YES;
				CODE_SIGN_STYLE = Automatic;
				DEVELOPMENT_TEAM = 4Q5BXDMRML;
				INFOPLIST_FILE = GestureDemoUITests/Info.plist;
				LD_RUNPATH_SEARCH_PATHS = (
					"$(inherited)",
					"@executable_path/Frameworks",
					"@loader_path/Frameworks",
				);
				PRODUCT_BUNDLE_IDENTIFIER = hong.hyunwook.GestureDemoUITests;
				PRODUCT_NAME = "$(TARGET_NAME)";
				SWIFT_VERSION = 5.0;
				TARGETED_DEVICE_FAMILY = "1,2";
				TEST_TARGET_NAME = GestureDemo;
			};
			name = Release;
		};
/* End XCBuildConfiguration section */

/* Begin XCConfigurationList section */
		7CAF4F5B242A612C00951761 /* Build configuration list for PBXProject "GestureDemo" */ = {
			isa = XCConfigurationList;
			buildConfigurations = (
				7CAF4F88242A612E00951761 /* Debug */,
				7CAF4F89242A612E00951761 /* Release */,
			);
			defaultConfigurationIsVisible = 0;
			defaultConfigurationName = Release;
		};
		7CAF4F8A242A612E00951761 /* Build configuration list for PBXNativeTarget "GestureDemo" */ = {
			isa = XCConfigurationList;
			buildConfigurations = (
				7CAF4F8B242A612E00951761 /* Debug */,
				7CAF4F8C242A612E00951761 /* Release */,
			);
			defaultConfigurationIsVisible = 0;
			defaultConfigurationName = Release;
		};
		7CAF4F8D242A612E00951761 /* Build configuration list for PBXNativeTarget "GestureDemoTests" */ = {
			isa = XCConfigurationList;
			buildConfigurations = (
				7CAF4F8E242A612E00951761 /* Debug */,
				7CAF4F8F242A612E00951761 /* Release */,
			);
			defaultConfigurationIsVisible = 0;
			defaultConfigurationName = Release;
		};
		7CAF4F90242A612E00951761 /* Build configuration list for PBXNativeTarget "GestureDemoUITests" */ = {
			isa = XCConfigurationList;
			buildConfigurations = (
				7CAF4F91242A612E00951761 /* Debug */,
				7CAF4F92242A612E00951761 /* Release */,
			);
			defaultConfigurationIsVisible = 0;
			defaultConfigurationName = Release;
		};
/* End XCConfigurationList section */
	};
	rootObject = 7CAF4F58242A612C00951761 /* Project object */;
}
