// !$*UTF8*$!
{
	archiveVersion = 1;
	classes = {
	};
	objectVersion = 50;
	objects = {

/* Begin PBXBuildFile section */
		7CCA0B152423CB30004C6100 /* AppDelegate.swift in Sources */ = {isa = PBXBuildFile; fileRef = 7CCA0B142423CB30004C6100 /* AppDelegate.swift */; };
		7CCA0B172423CB30004C6100 /* SceneDelegate.swift in Sources */ = {isa = PBXBuildFile; fileRef = 7CCA0B162423CB30004C6100 /* SceneDelegate.swift */; };
		7CCA0B192423CB30004C6100 /* ContentView.swift in Sources */ = {isa = PBXBuildFile; fileRef = 7CCA0B182423CB30004C6100 /* ContentView.swift */; };
		7CCA0B1B2423CB32004C6100 /* Assets.xcassets in Resources */ = {isa = PBXBuildFile; fileRef = 7CCA0B1A2423CB32004C6100 /* Assets.xcassets */; };
		7CCA0B1E2423CB32004C6100 /* Preview Assets.xcassets in Resources */ = {isa = PBXBuildFile; fileRef = 7CCA0B1D2423CB32004C6100 /* Preview Assets.xcassets */; };
		7CCA0B212423CB32004C6100 /* LaunchScreen.storyboard in Resources */ = {isa = PBXBuildFile; fileRef = 7CCA0B1F2423CB32004C6100 /* LaunchScreen.storyboard */; };
		7CCA0B2C2423CB33004C6100 /* ObservableDemoTests.swift in Sources */ = {isa = PBXBuildFile; fileRef = 7CCA0B2B2423CB33004C6100 /* ObservableDemoTests.swift */; };
		7CCA0B372423CB33004C6100 /* ObservableDemoUITests.swift in Sources */ = {isa = PBXBuildFile; fileRef = 7CCA0B362423CB33004C6100 /* ObservableDemoUITests.swift */; };
		7CCA0B452423CBAC004C6100 /* TimerData.swift in Sources */ = {isa = PBXBuildFile; fileRef = 7CCA0B442423CBAC004C6100 /* TimerData.swift */; };
		7CCA0B472423CD81004C6100 /* SecondView.swift in Sources */ = {isa = PBXBuildFile; fileRef = 7CCA0B462423CD81004C6100 /* SecondView.swift */; };
/* End PBXBuildFile section */

/* Begin PBXContainerItemProxy section */
		7CCA0B282423CB33004C6100 /* PBXContainerItemProxy */ = {
			isa = PBXContainerItemProxy;
			containerPortal = 7CCA0B092423CB30004C6100 /* Project object */;
			proxyType = 1;
			remoteGlobalIDString = 7CCA0B102423CB30004C6100;
			remoteInfo = ObservableDemo;
		};
		7CCA0B332423CB33004C6100 /* PBXContainerItemProxy */ = {
			isa = PBXContainerItemProxy;
			containerPortal = 7CCA0B092423CB30004C6100 /* Project object */;
			proxyType = 1;
			remoteGlobalIDString = 7CCA0B102423CB30004C6100;
			remoteInfo = ObservableDemo;
		};
/* End PBXContainerItemProxy section */

/* Begin PBXFileReference section */
		7CCA0B112423CB30004C6100 /* ObservableDemo.app */ = {isa = PBXFileReference; explicitFileType = wrapper.application; includeInIndex = 0; path = ObservableDemo.app; sourceTree = BUILT_PRODUCTS_DIR; };
		7CCA0B142423CB30004C6100 /* AppDelegate.swift */ = {isa = PBXFileReference; lastKnownFileType = sourcecode.swift; path = AppDelegate.swift; sourceTree = "<group>"; };
		7CCA0B162423CB30004C6100 /* SceneDelegate.swift */ = {isa = PBXFileReference; lastKnownFileType = sourcecode.swift; path = SceneDelegate.swift; sourceTree = "<group>"; };
		7CCA0B182423CB30004C6100 /* ContentView.swift */ = {isa = PBXFileReference; lastKnownFileType = sourcecode.swift; path = ContentView.swift; sourceTree = "<group>"; };
		7CCA0B1A2423CB32004C6100 /* Assets.xcassets */ = {isa = PBXFileReference; lastKnownFileType = folder.assetcatalog; path = Assets.xcassets; sourceTree = "<group>"; };
		7CCA0B1D2423CB32004C6100 /* Preview Assets.xcassets */ = {isa = PBXFileReference; lastKnownFileType = folder.assetcatalog; path = "Preview Assets.xcassets"; sourceTree = "<group>"; };
		7CCA0B202423CB32004C6100 /* Base */ = {isa = PBXFileReference; lastKnownFileType = file.storyboard; name = Base; path = Base.lproj/LaunchScreen.storyboard; sourceTree = "<group>"; };
		7CCA0B222423CB32004C6100 /* Info.plist */ = {isa = PBXFileReference; lastKnownFileType = text.plist.xml; path = Info.plist; sourceTree = "<group>"; };
		7CCA0B272423CB32004C6100 /* ObservableDemoTests.xctest */ = {isa = PBXFileReference; explicitFileType = wrapper.cfbundle; includeInIndex = 0; path = ObservableDemoTests.xctest; sourceTree = BUILT_PRODUCTS_DIR; };
		7CCA0B2B2423CB33004C6100 /* ObservableDemoTests.swift */ = {isa = PBXFileReference; lastKnownFileType = sourcecode.swift; path = ObservableDemoTests.swift; sourceTree = "<group>"; };
		7CCA0B2D2423CB33004C6100 /* Info.plist */ = {isa = PBXFileReference; lastKnownFileType = text.plist.xml; path = Info.plist; sourceTree = "<group>"; };
		7CCA0B322423CB33004C6100 /* ObservableDemoUITests.xctest */ = {isa = PBXFileReference; explicitFileType = wrapper.cfbundle; includeInIndex = 0; path = ObservableDemoUITests.xctest; sourceTree = BUILT_PRODUCTS_DIR; };
		7CCA0B362423CB33004C6100 /* ObservableDemoUITests.swift */ = {isa = PBXFileReference; lastKnownFileType = sourcecode.swift; path = ObservableDemoUITests.swift; sourceTree = "<group>"; };
		7CCA0B382423CB33004C6100 /* Info.plist */ = {isa = PBXFileReference; lastKnownFileType = text.plist.xml; path = Info.plist; sourceTree = "<group>"; };
		7CCA0B442423CBAC004C6100 /* TimerData.swift */ = {isa = PBXFileReference; lastKnownFileType = sourcecode.swift; path = TimerData.swift; sourceTree = "<group>"; };
		7CCA0B462423CD81004C6100 /* SecondView.swift */ = {isa = PBXFileReference; lastKnownFileType = sourcecode.swift; path = SecondView.swift; sourceTree = "<group>"; };
/* End PBXFileReference section */

/* Begin PBXFrameworksBuildPhase section */
		7CCA0B0E2423CB30004C6100 /* Frameworks */ = {
			isa = PBXFrameworksBuildPhase;
			buildActionMask = 2147483647;
			files = (
			);
			runOnlyForDeploymentPostprocessing = 0;
		};
		7CCA0B242423CB32004C6100 /* Frameworks */ = {
			isa = PBXFrameworksBuildPhase;
			buildActionMask = 2147483647;
			files = (
			);
			runOnlyForDeploymentPostprocessing = 0;
		};
		7CCA0B2F2423CB33004C6100 /* Frameworks */ = {
			isa = PBXFrameworksBuildPhase;
			buildActionMask = 2147483647;
			files = (
			);
			runOnlyForDeploymentPostprocessing = 0;
		};
/* End PBXFrameworksBuildPhase section */

/* Begin PBXGroup section */
		7CCA0B082423CB30004C6100 = {
			isa = PBXGroup;
			children = (
				7CCA0B442423CBAC004C6100 /* TimerData.swift */,
				7CCA0B132423CB30004C6100 /* ObservableDemo */,
				7CCA0B2A2423CB33004C6100 /* ObservableDemoTests */,
				7CCA0B352423CB33004C6100 /* ObservableDemoUITests */,
				7CCA0B122423CB30004C6100 /* Products */,
			);
			sourceTree = "<group>";
		};
		7CCA0B122423CB30004C6100 /* Products */ = {
			isa = PBXGroup;
			children = (
				7CCA0B112423CB30004C6100 /* ObservableDemo.app */,
				7CCA0B272423CB32004C6100 /* ObservableDemoTests.xctest */,
				7CCA0B322423CB33004C6100 /* ObservableDemoUITests.xctest */,
			);
			name = Products;
			sourceTree = "<group>";
		};
		7CCA0B132423CB30004C6100 /* ObservableDemo */ = {
			isa = PBXGroup;
			children = (
				7CCA0B142423CB30004C6100 /* AppDelegate.swift */,
				7CCA0B162423CB30004C6100 /* SceneDelegate.swift */,
				7CCA0B182423CB30004C6100 /* ContentView.swift */,
				7CCA0B462423CD81004C6100 /* SecondView.swift */,
				7CCA0B1A2423CB32004C6100 /* Assets.xcassets */,
				7CCA0B1F2423CB32004C6100 /* LaunchScreen.storyboard */,
				7CCA0B222423CB32004C6100 /* Info.plist */,
				7CCA0B1C2423CB32004C6100 /* Preview Content */,
			);
			path = ObservableDemo;
			sourceTree = "<group>";
		};
		7CCA0B1C2423CB32004C6100 /* Preview Content */ = {
			isa = PBXGroup;
			children = (
				7CCA0B1D2423CB32004C6100 /* Preview Assets.xcassets */,
			);
			path = "Preview Content";
			sourceTree = "<group>";
		};
		7CCA0B2A2423CB33004C6100 /* ObservableDemoTests */ = {
			isa = PBXGroup;
			children = (
				7CCA0B2B2423CB33004C6100 /* ObservableDemoTests.swift */,
				7CCA0B2D2423CB33004C6100 /* Info.plist */,
			);
			path = ObservableDemoTests;
			sourceTree = "<group>";
		};
		7CCA0B352423CB33004C6100 /* ObservableDemoUITests */ = {
			isa = PBXGroup;
			children = (
				7CCA0B362423CB33004C6100 /* ObservableDemoUITests.swift */,
				7CCA0B382423CB33004C6100 /* Info.plist */,
			);
			path = ObservableDemoUITests;
			sourceTree = "<group>";
		};
/* End PBXGroup section */

/* Begin PBXNativeTarget section */
		7CCA0B102423CB30004C6100 /* ObservableDemo */ = {
			isa = PBXNativeTarget;
			buildConfigurationList = 7CCA0B3B2423CB33004C6100 /* Build configuration list for PBXNativeTarget "ObservableDemo" */;
			buildPhases = (
				7CCA0B0D2423CB30004C6100 /* Sources */,
				7CCA0B0E2423CB30004C6100 /* Frameworks */,
				7CCA0B0F2423CB30004C6100 /* Resources */,
			);
			buildRules = (
			);
			dependencies = (
			);
			name = ObservableDemo;
			productName = ObservableDemo;
			productReference = 7CCA0B112423CB30004C6100 /* ObservableDemo.app */;
			productType = "com.apple.product-type.application";
		};
		7CCA0B262423CB32004C6100 /* ObservableDemoTests */ = {
			isa = PBXNativeTarget;
			buildConfigurationList = 7CCA0B3E2423CB33004C6100 /* Build configuration list for PBXNativeTarget "ObservableDemoTests" */;
			buildPhases = (
				7CCA0B232423CB32004C6100 /* Sources */,
				7CCA0B242423CB32004C6100 /* Frameworks */,
				7CCA0B252423CB32004C6100 /* Resources */,
			);
			buildRules = (
			);
			dependencies = (
				7CCA0B292423CB33004C6100 /* PBXTargetDependency */,
			);
			name = ObservableDemoTests;
			productName = ObservableDemoTests;
			productReference = 7CCA0B272423CB32004C6100 /* ObservableDemoTests.xctest */;
			productType = "com.apple.product-type.bundle.unit-test";
		};
		7CCA0B312423CB33004C6100 /* ObservableDemoUITests */ = {
			isa = PBXNativeTarget;
			buildConfigurationList = 7CCA0B412423CB33004C6100 /* Build configuration list for PBXNativeTarget "ObservableDemoUITests" */;
			buildPhases = (
				7CCA0B2E2423CB33004C6100 /* Sources */,
				7CCA0B2F2423CB33004C6100 /* Frameworks */,
				7CCA0B302423CB33004C6100 /* Resources */,
			);
			buildRules = (
			);
			dependencies = (
				7CCA0B342423CB33004C6100 /* PBXTargetDependency */,
			);
			name = ObservableDemoUITests;
			productName = ObservableDemoUITests;
			productReference = 7CCA0B322423CB33004C6100 /* ObservableDemoUITests.xctest */;
			productType = "com.apple.product-type.bundle.ui-testing";
		};
/* End PBXNativeTarget section */

/* Begin PBXProject section */
		7CCA0B092423CB30004C6100 /* Project object */ = {
			isa = PBXProject;
			attributes = {
				LastSwiftUpdateCheck = 1130;
				LastUpgradeCheck = 1130;
				ORGANIZATIONNAME = "HyunWook Hong";
				TargetAttributes = {
					7CCA0B102423CB30004C6100 = {
						CreatedOnToolsVersion = 11.3.1;
					};
					7CCA0B262423CB32004C6100 = {
						CreatedOnToolsVersion = 11.3.1;
						TestTargetID = 7CCA0B102423CB30004C6100;
					};
					7CCA0B312423CB33004C6100 = {
						CreatedOnToolsVersion = 11.3.1;
						TestTargetID = 7CCA0B102423CB30004C6100;
					};
				};
			};
			buildConfigurationList = 7CCA0B0C2423CB30004C6100 /* Build configuration list for PBXProject "ObservableDemo" */;
			compatibilityVersion = "Xcode 9.3";
			developmentRegion = en;
			hasScannedForEncodings = 0;
			knownRegions = (
				en,
				Base,
			);
			mainGroup = 7CCA0B082423CB30004C6100;
			productRefGroup = 7CCA0B122423CB30004C6100 /* Products */;
			projectDirPath = "";
			projectRoot = "";
			targets = (
				7CCA0B102423CB30004C6100 /* ObservableDemo */,
				7CCA0B262423CB32004C6100 /* ObservableDemoTests */,
				7CCA0B312423CB33004C6100 /* ObservableDemoUITests */,
			);
		};
/* End PBXProject section */

/* Begin PBXResourcesBuildPhase section */
		7CCA0B0F2423CB30004C6100 /* Resources */ = {
			isa = PBXResourcesBuildPhase;
			buildActionMask = 2147483647;
			files = (
				7CCA0B212423CB32004C6100 /* LaunchScreen.storyboard in Resources */,
				7CCA0B1E2423CB32004C6100 /* Preview Assets.xcassets in Resources */,
				7CCA0B1B2423CB32004C6100 /* Assets.xcassets in Resources */,
			);
			runOnlyForDeploymentPostprocessing = 0;
		};
		7CCA0B252423CB32004C6100 /* Resources */ = {
			isa = PBXResourcesBuildPhase;
			buildActionMask = 2147483647;
			files = (
			);
			runOnlyForDeploymentPostprocessing = 0;
		};
		7CCA0B302423CB33004C6100 /* Resources */ = {
			isa = PBXResourcesBuildPhase;
			buildActionMask = 2147483647;
			files = (
			);
			runOnlyForDeploymentPostprocessing = 0;
		};
/* End PBXResourcesBuildPhase section */

/* Begin PBXSourcesBuildPhase section */
		7CCA0B0D2423CB30004C6100 /* Sources */ = {
			isa = PBXSourcesBuildPhase;
			buildActionMask = 2147483647;
			files = (
				7CCA0B152423CB30004C6100 /* AppDelegate.swift in Sources */,
				7CCA0B472423CD81004C6100 /* SecondView.swift in Sources */,
				7CCA0B452423CBAC004C6100 /* TimerData.swift in Sources */,
				7CCA0B172423CB30004C6100 /* SceneDelegate.swift in Sources */,
				7CCA0B192423CB30004C6100 /* ContentView.swift in Sources */,
			);
			runOnlyForDeploymentPostprocessing = 0;
		};
		7CCA0B232423CB32004C6100 /* Sources */ = {
			isa = PBXSourcesBuildPhase;
			buildActionMask = 2147483647;
			files = (
				7CCA0B2C2423CB33004C6100 /* ObservableDemoTests.swift in Sources */,
			);
			runOnlyForDeploymentPostprocessing = 0;
		};
		7CCA0B2E2423CB33004C6100 /* Sources */ = {
			isa = PBXSourcesBuildPhase;
			buildActionMask = 2147483647;
			files = (
				7CCA0B372423CB33004C6100 /* ObservableDemoUITests.swift in Sources */,
			);
			runOnlyForDeploymentPostprocessing = 0;
		};
/* End PBXSourcesBuildPhase section */

/* Begin PBXTargetDependency section */
		7CCA0B292423CB33004C6100 /* PBXTargetDependency */ = {
			isa = PBXTargetDependency;
			target = 7CCA0B102423CB30004C6100 /* ObservableDemo */;
			targetProxy = 7CCA0B282423CB33004C6100 /* PBXContainerItemProxy */;
		};
		7CCA0B342423CB33004C6100 /* PBXTargetDependency */ = {
			isa = PBXTargetDependency;
			target = 7CCA0B102423CB30004C6100 /* ObservableDemo */;
			targetProxy = 7CCA0B332423CB33004C6100 /* PBXContainerItemProxy */;
		};
/* End PBXTargetDependency section */

/* Begin PBXVariantGroup section */
		7CCA0B1F2423CB32004C6100 /* LaunchScreen.storyboard */ = {
			isa = PBXVariantGroup;
			children = (
				7CCA0B202423CB32004C6100 /* Base */,
			);
			name = LaunchScreen.storyboard;
			sourceTree = "<group>";
		};
/* End PBXVariantGroup section */

/* Begin XCBuildConfiguration section */
		7CCA0B392423CB33004C6100 /* Debug */ = {
			isa = XCBuildConfiguration;
			buildSettings = {
				ALWAYS_SEARCH_USER_PATHS = NO;
				CLANG_ANALYZER_NONNULL = YES;
				CLANG_ANALYZER_NUMBER_OBJECT_CONVERSION = YES_AGGRESSIVE;
				CLANG_CXX_LANGUAGE_STANDARD = "gnu++14";
				CLANG_CXX_LIBRARY = "libc++";
				CLANG_ENABLE_MODULES = YES;
				CLANG_ENABLE_OBJC_ARC = YES;
				CLANG_ENABLE_OBJC_WEAK = YES;
				CLANG_WARN_BLOCK_CAPTURE_AUTORELEASING = YES;
				CLANG_WARN_BOOL_CONVERSION = YES;
				CLANG_WARN_COMMA = YES;
				CLANG_WARN_CONSTANT_CONVERSION = YES;
				CLANG_WARN_DEPRECATED_OBJC_IMPLEMENTATIONS = YES;
				CLANG_WARN_DIRECT_OBJC_ISA_USAGE = YES_ERROR;
				CLANG_WARN_DOCUMENTATION_COMMENTS = YES;
				CLANG_WARN_EMPTY_BODY = YES;
				CLANG_WARN_ENUM_CONVERSION = YES;
				CLANG_WARN_INFINITE_RECURSION = YES;
				CLANG_WARN_INT_CONVERSION = YES;
				CLANG_WARN_NON_LITERAL_NULL_CONVERSION = YES;
				CLANG_WARN_OBJC_IMPLICIT_RETAIN_SELF = YES;
				CLANG_WARN_OBJC_LITERAL_CONVERSION = YES;
				CLANG_WARN_OBJC_ROOT_CLASS = YES_ERROR;
				CLANG_WARN_RANGE_LOOP_ANALYSIS = YES;
				CLANG_WARN_STRICT_PROTOTYPES = YES;
				CLANG_WARN_SUSPICIOUS_MOVE = YES;
				CLANG_WARN_UNGUARDED_AVAILABILITY = YES_AGGRESSIVE;
				CLANG_WARN_UNREACHABLE_CODE = YES;
				CLANG_WARN__DUPLICATE_METHOD_MATCH = YES;
				COPY_PHASE_STRIP = NO;
				DEBUG_INFORMATION_FORMAT = dwarf;
				ENABLE_STRICT_OBJC_MSGSEND = YES;
				ENABLE_TESTABILITY = YES;
				GCC_C_LANGUAGE_STANDARD = gnu11;
				GCC_DYNAMIC_NO_PIC = NO;
				GCC_NO_COMMON_BLOCKS = YES;
				GCC_OPTIMIZATION_LEVEL = 0;
				GCC_PREPROCESSOR_DEFINITIONS = (
					"DEBUG=1",
					"$(inherited)",
				);
				GCC_WARN_64_TO_32_BIT_CONVERSION = YES;
				GCC_WARN_ABOUT_RETURN_TYPE = YES_ERROR;
				GCC_WARN_UNDECLARED_SELECTOR = YES;
				GCC_WARN_UNINITIALIZED_AUTOS = YES_AGGRESSIVE;
				GCC_WARN_UNUSED_FUNCTION = YES;
				GCC_WARN_UNUSED_VARIABLE = YES;
				IPHONEOS_DEPLOYMENT_TARGET = 13.2;
				MTL_ENABLE_DEBUG_INFO = INCLUDE_SOURCE;
				MTL_FAST_MATH = YES;
				ONLY_ACTIVE_ARCH = YES;
				SDKROOT = iphoneos;
				SWIFT_ACTIVE_COMPILATION_CONDITIONS = DEBUG;
				SWIFT_OPTIMIZATION_LEVEL = "-Onone";
			};
			name = Debug;
		};
		7CCA0B3A2423CB33004C6100 /* Release */ = {
			isa = XCBuildConfiguration;
			buildSettings = {
				ALWAYS_SEARCH_USER_PATHS = NO;
				CLANG_ANALYZER_NONNULL = YES;
				CLANG_ANALYZER_NUMBER_OBJECT_CONVERSION = YES_AGGRESSIVE;
				CLANG_CXX_LANGUAGE_STANDARD = "gnu++14";
				CLANG_CXX_LIBRARY = "libc++";
				CLANG_ENABLE_MODULES = YES;
				CLANG_ENABLE_OBJC_ARC = YES;
				CLANG_ENABLE_OBJC_WEAK = YES;
				CLANG_WARN_BLOCK_CAPTURE_AUTORELEASING = YES;
				CLANG_WARN_BOOL_CONVERSION = YES;
				CLANG_WARN_COMMA = YES;
				CLANG_WARN_CONSTANT_CONVERSION = YES;
				CLANG_WARN_DEPRECATED_OBJC_IMPLEMENTATIONS = YES;
				CLANG_WARN_DIRECT_OBJC_ISA_USAGE = YES_ERROR;
				CLANG_WARN_DOCUMENTATION_COMMENTS = YES;
				CLANG_WARN_EMPTY_BODY = YES;
				CLANG_WARN_ENUM_CONVERSION = YES;
				CLANG_WARN_INFINITE_RECURSION = YES;
				CLANG_WARN_INT_CONVERSION = YES;
				CLANG_WARN_NON_LITERAL_NULL_CONVERSION = YES;
				CLANG_WARN_OBJC_IMPLICIT_RETAIN_SELF = YES;
				CLANG_WARN_OBJC_LITERAL_CONVERSION = YES;
				CLANG_WARN_OBJC_ROOT_CLASS = YES_ERROR;
				CLANG_WARN_RANGE_LOOP_ANALYSIS = YES;
				CLANG_WARN_STRICT_PROTOTYPES = YES;
				CLANG_WARN_SUSPICIOUS_MOVE = YES;
				CLANG_WARN_UNGUARDED_AVAILABILITY = YES_AGGRESSIVE;
				CLANG_WARN_UNREACHABLE_CODE = YES;
				CLANG_WARN__DUPLICATE_METHOD_MATCH = YES;
				COPY_PHASE_STRIP = NO;
				DEBUG_INFORMATION_FORMAT = "dwarf-with-dsym";
				ENABLE_NS_ASSERTIONS = NO;
				ENABLE_STRICT_OBJC_MSGSEND = YES;
				GCC_C_LANGUAGE_STANDARD = gnu11;
				GCC_NO_COMMON_BLOCKS = YES;
				GCC_WARN_64_TO_32_BIT_CONVERSION = YES;
				GCC_WARN_ABOUT_RETURN_TYPE = YES_ERROR;
				GCC_WARN_UNDECLARED_SELECTOR = YES;
				GCC_WARN_UNINITIALIZED_AUTOS = YES_AGGRESSIVE;
				GCC_WARN_UNUSED_FUNCTION = YES;
				GCC_WARN_UNUSED_VARIABLE = YES;
				IPHONEOS_DEPLOYMENT_TARGET = 13.2;
				MTL_ENABLE_DEBUG_INFO = NO;
				MTL_FAST_MATH = YES;
				SDKROOT = iphoneos;
				SWIFT_COMPILATION_MODE = wholemodule;
				SWIFT_OPTIMIZATION_LEVEL = "-O";
				VALIDATE_PRODUCT = YES;
			};
			name = Release;
		};
		7CCA0B3C2423CB33004C6100 /* Debug */ = {
			isa = XCBuildConfiguration;
			buildSettings = {
				ASSETCATALOG_COMPILER_APPICON_NAME = AppIcon;
				CODE_SIGN_STYLE = Automatic;
				DEVELOPMENT_ASSET_PATHS = "\"ObservableDemo/Preview Content\"";
				DEVELOPMENT_TEAM = 4Q5BXDMRML;
				ENABLE_PREVIEWS = YES;
				INFOPLIST_FILE = ObservableDemo/Info.plist;
				LD_RUNPATH_SEARCH_PATHS = (
					"$(inherited)",
					"@executable_path/Frameworks",
				);
				PRODUCT_BUNDLE_IDENTIFIER = hong.hyunwook.ObservableDemo;
				PRODUCT_NAME = "$(TARGET_NAME)";
				SWIFT_VERSION = 5.0;
				TARGETED_DEVICE_FAMILY = "1,2";
			};
			name = Debug;
		};
		7CCA0B3D2423CB33004C6100 /* Release */ = {
			isa = XCBuildConfiguration;
			buildSettings = {
				ASSETCATALOG_COMPILER_APPICON_NAME = AppIcon;
				CODE_SIGN_STYLE = Automatic;
				DEVELOPMENT_ASSET_PATHS = "\"ObservableDemo/Preview Content\"";
				DEVELOPMENT_TEAM = 4Q5BXDMRML;
				ENABLE_PREVIEWS = YES;
				INFOPLIST_FILE = ObservableDemo/Info.plist;
				LD_RUNPATH_SEARCH_PATHS = (
					"$(inherited)",
					"@executable_path/Frameworks",
				);
				PRODUCT_BUNDLE_IDENTIFIER = hong.hyunwook.ObservableDemo;
				PRODUCT_NAME = "$(TARGET_NAME)";
				SWIFT_VERSION = 5.0;
				TARGETED_DEVICE_FAMILY = "1,2";
			};
			name = Release;
		};
		7CCA0B3F2423CB33004C6100 /* Debug */ = {
			isa = XCBuildConfiguration;
			buildSettings = {
				ALWAYS_EMBED_SWIFT_STANDARD_LIBRARIES = YES;
				BUNDLE_LOADER = "$(TEST_HOST)";
				CODE_SIGN_STYLE = Automatic;
				DEVELOPMENT_TEAM = 4Q5BXDMRML;
				INFOPLIST_FILE = ObservableDemoTests/Info.plist;
				IPHONEOS_DEPLOYMENT_TARGET = 13.2;
				LD_RUNPATH_SEARCH_PATHS = (
					"$(inherited)",
					"@executable_path/Frameworks",
					"@loader_path/Frameworks",
				);
				PRODUCT_BUNDLE_IDENTIFIER = hong.hyunwook.ObservableDemoTests;
				PRODUCT_NAME = "$(TARGET_NAME)";
				SWIFT_VERSION = 5.0;
				TARGETED_DEVICE_FAMILY = "1,2";
				TEST_HOST = "$(BUILT_PRODUCTS_DIR)/ObservableDemo.app/ObservableDemo";
			};
			name = Debug;
		};
		7CCA0B402423CB33004C6100 /* Release */ = {
			isa = XCBuildConfiguration;
			buildSettings = {
				ALWAYS_EMBED_SWIFT_STANDARD_LIBRARIES = YES;
				BUNDLE_LOADER = "$(TEST_HOST)";
				CODE_SIGN_STYLE = Automatic;
				DEVELOPMENT_TEAM = 4Q5BXDMRML;
				INFOPLIST_FILE = ObservableDemoTests/Info.plist;
				IPHONEOS_DEPLOYMENT_TARGET = 13.2;
				LD_RUNPATH_SEARCH_PATHS = (
					"$(inherited)",
					"@executable_path/Frameworks",
					"@loader_path/Frameworks",
				);
				PRODUCT_BUNDLE_IDENTIFIER = hong.hyunwook.ObservableDemoTests;
				PRODUCT_NAME = "$(TARGET_NAME)";
				SWIFT_VERSION = 5.0;
				TARGETED_DEVICE_FAMILY = "1,2";
				TEST_HOST = "$(BUILT_PRODUCTS_DIR)/ObservableDemo.app/ObservableDemo";
			};
			name = Release;
		};
		7CCA0B422423CB33004C6100 /* Debug */ = {
			isa = XCBuildConfiguration;
			buildSettings = {
				ALWAYS_EMBED_SWIFT_STANDARD_LIBRARIES = YES;
				CODE_SIGN_STYLE = Automatic;
				DEVELOPMENT_TEAM = 4Q5BXDMRML;
				INFOPLIST_FILE = ObservableDemoUITests/Info.plist;
				LD_RUNPATH_SEARCH_PATHS = (
					"$(inherited)",
					"@executable_path/Frameworks",
					"@loader_path/Frameworks",
				);
				PRODUCT_BUNDLE_IDENTIFIER = hong.hyunwook.ObservableDemoUITests;
				PRODUCT_NAME = "$(TARGET_NAME)";
				SWIFT_VERSION = 5.0;
				TARGETED_DEVICE_FAMILY = "1,2";
				TEST_TARGET_NAME = ObservableDemo;
			};
			name = Debug;
		};
		7CCA0B432423CB33004C6100 /* Release */ = {
			isa = XCBuildConfiguration;
			buildSettings = {
				ALWAYS_EMBED_SWIFT_STANDARD_LIBRARIES = YES;
				CODE_SIGN_STYLE = Automatic;
				DEVELOPMENT_TEAM = 4Q5BXDMRML;
				INFOPLIST_FILE = ObservableDemoUITests/Info.plist;
				LD_RUNPATH_SEARCH_PATHS = (
					"$(inherited)",
					"@executable_path/Frameworks",
					"@loader_path/Frameworks",
				);
				PRODUCT_BUNDLE_IDENTIFIER = hong.hyunwook.ObservableDemoUITests;
				PRODUCT_NAME = "$(TARGET_NAME)";
				SWIFT_VERSION = 5.0;
				TARGETED_DEVICE_FAMILY = "1,2";
				TEST_TARGET_NAME = ObservableDemo;
			};
			name = Release;
		};
/* End XCBuildConfiguration section */

/* Begin XCConfigurationList section */
		7CCA0B0C2423CB30004C6100 /* Build configuration list for PBXProject "ObservableDemo" */ = {
			isa = XCConfigurationList;
			buildConfigurations = (
				7CCA0B392423CB33004C6100 /* Debug */,
				7CCA0B3A2423CB33004C6100 /* Release */,
			);
			defaultConfigurationIsVisible = 0;
			defaultConfigurationName = Release;
		};
		7CCA0B3B2423CB33004C6100 /* Build configuration list for PBXNativeTarget "ObservableDemo" */ = {
			isa = XCConfigurationList;
			buildConfigurations = (
				7CCA0B3C2423CB33004C6100 /* Debug */,
				7CCA0B3D2423CB33004C6100 /* Release */,
			);
			defaultConfigurationIsVisible = 0;
			defaultConfigurationName = Release;
		};
		7CCA0B3E2423CB33004C6100 /* Build configuration list for PBXNativeTarget "ObservableDemoTests" */ = {
			isa = XCConfigurationList;
			buildConfigurations = (
				7CCA0B3F2423CB33004C6100 /* Debug */,
				7CCA0B402423CB33004C6100 /* Release */,
			);
			defaultConfigurationIsVisible = 0;
			defaultConfigurationName = Release;
		};
		7CCA0B412423CB33004C6100 /* Build configuration list for PBXNativeTarget "ObservableDemoUITests" */ = {
			isa = XCConfigurationList;
			buildConfigurations = (
				7CCA0B422423CB33004C6100 /* Debug */,
				7CCA0B432423CB33004C6100 /* Release */,
			);
			defaultConfigurationIsVisible = 0;
			defaultConfigurationName = Release;
		};
/* End XCConfigurationList section */
	};
	rootObject = 7CCA0B092423CB30004C6100 /* Project object */;
}
